github.com/xwinata/wstest/mathutils v1.0.0 h1:amGekE9Zjc9dxZIIXD/7z0YsgX27cuZOSdS5m/RxE3k=
github.com/xwinata/wstest/mathutils v1.0.0/go.mod h1:weSL0QITIY7Qus3gkT3JTPlBPjgXGhBOqnx9/v/E/n0=
github.com/xwinata/wstest/mathutils v1.0.1 h1:vVlWcOHeJ9UQ7W6JS3vcDttljbQui8qNeJipWjjIR1Q=
github.com/xwinata/wstest/mathutils v1.0.1/go.mod h1:weSL0QITIY7Qus3gkT3JTPlBPjgXGhBOqnx9/v/E/n0=
github.com/xwinata/wstest/stringutils v1.0.0 h1:BPNCUFmdHcvGDcRiqKYbRHc6jGkcNKKffekt6Jrsu/Q=
github.com/xwinata/wstest/stringutils v1.0.0/go.mod h1:NiZDXbVg4hHNbmgFSHtaIYdo48SI4Diqbwmxubajopk=
